// !$*UTF8*$!
{
	archiveVersion = 1;
	classes = {
	};
	objectVersion = 56;
	objects = {

/* Begin PBXBuildFile section */
		E42F5A7E2A6853EE0013C4EE /* AppDelegate.swift in Sources */ = {isa = PBXBuildFile; fileRef = E42F5A7D2A6853EE0013C4EE /* AppDelegate.swift */; };
		E42F5A802A6853EE0013C4EE /* SceneDelegate.swift in Sources */ = {isa = PBXBuildFile; fileRef = E42F5A7F2A6853EE0013C4EE /* SceneDelegate.swift */; };
		E42F5A822A6853EE0013C4EE /* ViewController.swift in Sources */ = {isa = PBXBuildFile; fileRef = E42F5A812A6853EE0013C4EE /* ViewController.swift */; };
		E42F5A852A6853EE0013C4EE /* Main.storyboard in Resources */ = {isa = PBXBuildFile; fileRef = E42F5A832A6853EE0013C4EE /* Main.storyboard */; };
		E42F5A872A6853EF0013C4EE /* Assets.xcassets in Resources */ = {isa = PBXBuildFile; fileRef = E42F5A862A6853EF0013C4EE /* Assets.xcassets */; };
		E42F5A8A2A6853EF0013C4EE /* LaunchScreen.storyboard in Resources */ = {isa = PBXBuildFile; fileRef = E42F5A882A6853EF0013C4EE /* LaunchScreen.storyboard */; };
		E42F5A952A6853EF0013C4EE /* CoordinatorMvvmTests.swift in Sources */ = {isa = PBXBuildFile; fileRef = E42F5A942A6853EF0013C4EE /* CoordinatorMvvmTests.swift */; };
		E42F5A9F2A6853F00013C4EE /* CoordinatorMvvmUITests.swift in Sources */ = {isa = PBXBuildFile; fileRef = E42F5A9E2A6853F00013C4EE /* CoordinatorMvvmUITests.swift */; };
		E42F5AA12A6853F00013C4EE /* CoordinatorMvvmUITestsLaunchTests.swift in Sources */ = {isa = PBXBuildFile; fileRef = E42F5AA02A6853F00013C4EE /* CoordinatorMvvmUITestsLaunchTests.swift */; };
		E42F5AAE2A6854340013C4EE /* AppCoordinator.swift in Sources */ = {isa = PBXBuildFile; fileRef = E42F5AAD2A6854340013C4EE /* AppCoordinator.swift */; };
		E42F5AB02A6856DD0013C4EE /* EventListCoordinator.swift in Sources */ = {isa = PBXBuildFile; fileRef = E42F5AAF2A6856DD0013C4EE /* EventListCoordinator.swift */; };
		E42F5AB22A68579A0013C4EE /* EventListVC.swift in Sources */ = {isa = PBXBuildFile; fileRef = E42F5AB12A68579A0013C4EE /* EventListVC.swift */; };
		E42F5AB42A68866A0013C4EE /* UIColor+Extension.swift in Sources */ = {isa = PBXBuildFile; fileRef = E42F5AB32A68866A0013C4EE /* UIColor+Extension.swift */; };
		E42F5ABB2A68894E0013C4EE /* EventsApp.xcdatamodeld in Sources */ = {isa = PBXBuildFile; fileRef = E42F5AB92A68894E0013C4EE /* EventsApp.xcdatamodeld */; };
		E42F5ABD2A688A970013C4EE /* CoreDataManager.swift in Sources */ = {isa = PBXBuildFile; fileRef = E42F5ABC2A688A970013C4EE /* CoreDataManager.swift */; };
		E42F5ABF2A68914D0013C4EE /* EventListViewModel.swift in Sources */ = {isa = PBXBuildFile; fileRef = E42F5ABE2A68914D0013C4EE /* EventListViewModel.swift */; };
		E42F5AC22A6893CE0013C4EE /* AddEventCoordinator.swift in Sources */ = {isa = PBXBuildFile; fileRef = E42F5AC12A6893CE0013C4EE /* AddEventCoordinator.swift */; };
		E4D96FD22A69EB780085B147 /* AddEventVC.swift in Sources */ = {isa = PBXBuildFile; fileRef = E4D96FD02A69EB780085B147 /* AddEventVC.swift */; };
		E4D96FD32A69EB780085B147 /* AddEventVC.xib in Resources */ = {isa = PBXBuildFile; fileRef = E4D96FD12A69EB780085B147 /* AddEventVC.xib */; };
		E4D96FD52A69EBFE0085B147 /* UIViewController+Extensions.swift in Sources */ = {isa = PBXBuildFile; fileRef = E4D96FD42A69EBFE0085B147 /* UIViewController+Extensions.swift */; };
		E4D96FD72A69ED4B0085B147 /* AddEventViewModel.swift in Sources */ = {isa = PBXBuildFile; fileRef = E4D96FD62A69ED4B0085B147 /* AddEventViewModel.swift */; };
/* End PBXBuildFile section */

/* Begin PBXContainerItemProxy section */
		E42F5A912A6853EF0013C4EE /* PBXContainerItemProxy */ = {
			isa = PBXContainerItemProxy;
			containerPortal = E42F5A722A6853EE0013C4EE /* Project object */;
			proxyType = 1;
			remoteGlobalIDString = E42F5A792A6853EE0013C4EE;
			remoteInfo = CoordinatorMvvm;
		};
		E42F5A9B2A6853F00013C4EE /* PBXContainerItemProxy */ = {
			isa = PBXContainerItemProxy;
			containerPortal = E42F5A722A6853EE0013C4EE /* Project object */;
			proxyType = 1;
			remoteGlobalIDString = E42F5A792A6853EE0013C4EE;
			remoteInfo = CoordinatorMvvm;
		};
/* End PBXContainerItemProxy section */

/* Begin PBXFileReference section */
		E42F5A7A2A6853EE0013C4EE /* CoordinatorMvvm.app */ = {isa = PBXFileReference; explicitFileType = wrapper.application; includeInIndex = 0; path = CoordinatorMvvm.app; sourceTree = BUILT_PRODUCTS_DIR; };
		E42F5A7D2A6853EE0013C4EE /* AppDelegate.swift */ = {isa = PBXFileReference; lastKnownFileType = sourcecode.swift; path = AppDelegate.swift; sourceTree = "<group>"; };
		E42F5A7F2A6853EE0013C4EE /* SceneDelegate.swift */ = {isa = PBXFileReference; lastKnownFileType = sourcecode.swift; path = SceneDelegate.swift; sourceTree = "<group>"; };
		E42F5A812A6853EE0013C4EE /* ViewController.swift */ = {isa = PBXFileReference; lastKnownFileType = sourcecode.swift; path = ViewController.swift; sourceTree = "<group>"; };
		E42F5A842A6853EE0013C4EE /* Base */ = {isa = PBXFileReference; lastKnownFileType = file.storyboard; name = Base; path = Base.lproj/Main.storyboard; sourceTree = "<group>"; };
		E42F5A862A6853EF0013C4EE /* Assets.xcassets */ = {isa = PBXFileReference; lastKnownFileType = folder.assetcatalog; path = Assets.xcassets; sourceTree = "<group>"; };
		E42F5A892A6853EF0013C4EE /* Base */ = {isa = PBXFileReference; lastKnownFileType = file.storyboard; name = Base; path = Base.lproj/LaunchScreen.storyboard; sourceTree = "<group>"; };
		E42F5A8B2A6853EF0013C4EE /* Info.plist */ = {isa = PBXFileReference; lastKnownFileType = text.plist.xml; path = Info.plist; sourceTree = "<group>"; };
		E42F5A902A6853EF0013C4EE /* CoordinatorMvvmTests.xctest */ = {isa = PBXFileReference; explicitFileType = wrapper.cfbundle; includeInIndex = 0; path = CoordinatorMvvmTests.xctest; sourceTree = BUILT_PRODUCTS_DIR; };
		E42F5A942A6853EF0013C4EE /* CoordinatorMvvmTests.swift */ = {isa = PBXFileReference; lastKnownFileType = sourcecode.swift; path = CoordinatorMvvmTests.swift; sourceTree = "<group>"; };
		E42F5A9A2A6853EF0013C4EE /* CoordinatorMvvmUITests.xctest */ = {isa = PBXFileReference; explicitFileType = wrapper.cfbundle; includeInIndex = 0; path = CoordinatorMvvmUITests.xctest; sourceTree = BUILT_PRODUCTS_DIR; };
		E42F5A9E2A6853F00013C4EE /* CoordinatorMvvmUITests.swift */ = {isa = PBXFileReference; lastKnownFileType = sourcecode.swift; path = CoordinatorMvvmUITests.swift; sourceTree = "<group>"; };
		E42F5AA02A6853F00013C4EE /* CoordinatorMvvmUITestsLaunchTests.swift */ = {isa = PBXFileReference; lastKnownFileType = sourcecode.swift; path = CoordinatorMvvmUITestsLaunchTests.swift; sourceTree = "<group>"; };
		E42F5AAD2A6854340013C4EE /* AppCoordinator.swift */ = {isa = PBXFileReference; lastKnownFileType = sourcecode.swift; path = AppCoordinator.swift; sourceTree = "<group>"; };
		E42F5AAF2A6856DD0013C4EE /* EventListCoordinator.swift */ = {isa = PBXFileReference; lastKnownFileType = sourcecode.swift; path = EventListCoordinator.swift; sourceTree = "<group>"; };
		E42F5AB12A68579A0013C4EE /* EventListVC.swift */ = {isa = PBXFileReference; lastKnownFileType = sourcecode.swift; path = EventListVC.swift; sourceTree = "<group>"; };
		E42F5AB32A68866A0013C4EE /* UIColor+Extension.swift */ = {isa = PBXFileReference; lastKnownFileType = sourcecode.swift; path = "UIColor+Extension.swift"; sourceTree = "<group>"; };
		E42F5ABA2A68894E0013C4EE /* EventsApp.xcdatamodel */ = {isa = PBXFileReference; lastKnownFileType = wrapper.xcdatamodel; path = EventsApp.xcdatamodel; sourceTree = "<group>"; };
		E42F5ABC2A688A970013C4EE /* CoreDataManager.swift */ = {isa = PBXFileReference; lastKnownFileType = sourcecode.swift; path = CoreDataManager.swift; sourceTree = "<group>"; };
		E42F5ABE2A68914D0013C4EE /* EventListViewModel.swift */ = {isa = PBXFileReference; lastKnownFileType = sourcecode.swift; path = EventListViewModel.swift; sourceTree = "<group>"; };
		E42F5AC12A6893CE0013C4EE /* AddEventCoordinator.swift */ = {isa = PBXFileReference; lastKnownFileType = sourcecode.swift; path = AddEventCoordinator.swift; sourceTree = "<group>"; };
		E4D96FD02A69EB780085B147 /* AddEventVC.swift */ = {isa = PBXFileReference; lastKnownFileType = sourcecode.swift; path = AddEventVC.swift; sourceTree = "<group>"; };
		E4D96FD12A69EB780085B147 /* AddEventVC.xib */ = {isa = PBXFileReference; lastKnownFileType = file.xib; path = AddEventVC.xib; sourceTree = "<group>"; };
		E4D96FD42A69EBFE0085B147 /* UIViewController+Extensions.swift */ = {isa = PBXFileReference; lastKnownFileType = sourcecode.swift; path = "UIViewController+Extensions.swift"; sourceTree = "<group>"; };
		E4D96FD62A69ED4B0085B147 /* AddEventViewModel.swift */ = {isa = PBXFileReference; lastKnownFileType = sourcecode.swift; path = AddEventViewModel.swift; sourceTree = "<group>"; };
/* End PBXFileReference section */

/* Begin PBXFrameworksBuildPhase section */
		E42F5A772A6853EE0013C4EE /* Frameworks */ = {
			isa = PBXFrameworksBuildPhase;
			buildActionMask = 2147483647;
			files = (
			);
			runOnlyForDeploymentPostprocessing = 0;
		};
		E42F5A8D2A6853EF0013C4EE /* Frameworks */ = {
			isa = PBXFrameworksBuildPhase;
			buildActionMask = 2147483647;
			files = (
			);
			runOnlyForDeploymentPostprocessing = 0;
		};
		E42F5A972A6853EF0013C4EE /* Frameworks */ = {
			isa = PBXFrameworksBuildPhase;
			buildActionMask = 2147483647;
			files = (
			);
			runOnlyForDeploymentPostprocessing = 0;
		};
/* End PBXFrameworksBuildPhase section */

/* Begin PBXGroup section */
		E42F5A712A6853EE0013C4EE = {
			isa = PBXGroup;
			children = (
				E42F5A7C2A6853EE0013C4EE /* CoordinatorMvvm */,
				E42F5A932A6853EF0013C4EE /* CoordinatorMvvmTests */,
				E42F5A9D2A6853F00013C4EE /* CoordinatorMvvmUITests */,
				E42F5A7B2A6853EE0013C4EE /* Products */,
			);
			sourceTree = "<group>";
		};
		E42F5A7B2A6853EE0013C4EE /* Products */ = {
			isa = PBXGroup;
			children = (
				E42F5A7A2A6853EE0013C4EE /* CoordinatorMvvm.app */,
				E42F5A902A6853EF0013C4EE /* CoordinatorMvvmTests.xctest */,
				E42F5A9A2A6853EF0013C4EE /* CoordinatorMvvmUITests.xctest */,
			);
			name = Products;
			sourceTree = "<group>";
		};
		E42F5A7C2A6853EE0013C4EE /* CoordinatorMvvm */ = {
			isa = PBXGroup;
			children = (
				E42F5AB82A6888E90013C4EE /* Models */,
				E42F5A7D2A6853EE0013C4EE /* AppDelegate.swift */,
				E42F5A7F2A6853EE0013C4EE /* SceneDelegate.swift */,
				E42F5AC02A6892C00013C4EE /* ViewModels */,
				E42F5AB52A68888F0013C4EE /* Coordinator */,
				E42F5ABC2A688A970013C4EE /* CoreDataManager.swift */,
				E42F5AB62A6888A30013C4EE /* Extensions */,
				E42F5AB72A6888B40013C4EE /* Controller */,
				E42F5A8B2A6853EF0013C4EE /* Info.plist */,
				E42F5A832A6853EE0013C4EE /* Main.storyboard */,
				E42F5A862A6853EF0013C4EE /* Assets.xcassets */,
				E42F5A882A6853EF0013C4EE /* LaunchScreen.storyboard */,
				E42F5AB92A68894E0013C4EE /* EventsApp.xcdatamodeld */,
			);
			path = CoordinatorMvvm;
			sourceTree = "<group>";
		};
		E42F5A932A6853EF0013C4EE /* CoordinatorMvvmTests */ = {
			isa = PBXGroup;
			children = (
				E42F5A942A6853EF0013C4EE /* CoordinatorMvvmTests.swift */,
			);
			path = CoordinatorMvvmTests;
			sourceTree = "<group>";
		};
		E42F5A9D2A6853F00013C4EE /* CoordinatorMvvmUITests */ = {
			isa = PBXGroup;
			children = (
				E42F5A9E2A6853F00013C4EE /* CoordinatorMvvmUITests.swift */,
				E42F5AA02A6853F00013C4EE /* CoordinatorMvvmUITestsLaunchTests.swift */,
			);
			path = CoordinatorMvvmUITests;
			sourceTree = "<group>";
		};
		E42F5AB52A68888F0013C4EE /* Coordinator */ = {
			isa = PBXGroup;
			children = (
				E42F5AAF2A6856DD0013C4EE /* EventListCoordinator.swift */,
				E42F5AAD2A6854340013C4EE /* AppCoordinator.swift */,
				E42F5AC12A6893CE0013C4EE /* AddEventCoordinator.swift */,
			);
			path = Coordinator;
			sourceTree = "<group>";
		};
		E42F5AB62A6888A30013C4EE /* Extensions */ = {
			isa = PBXGroup;
			children = (
				E42F5AB32A68866A0013C4EE /* UIColor+Extension.swift */,
				E4D96FD42A69EBFE0085B147 /* UIViewController+Extensions.swift */,
			);
			path = Extensions;
			sourceTree = "<group>";
		};
		E42F5AB72A6888B40013C4EE /* Controller */ = {
			isa = PBXGroup;
			children = (
				E42F5AB12A68579A0013C4EE /* EventListVC.swift */,
				E42F5A812A6853EE0013C4EE /* ViewController.swift */,
				E4D96FD02A69EB780085B147 /* AddEventVC.swift */,
				E4D96FD12A69EB780085B147 /* AddEventVC.xib */,
			);
			path = Controller;
			sourceTree = "<group>";
		};
		E42F5AB82A6888E90013C4EE /* Models */ = {
			isa = PBXGroup;
			children = (
			);
			path = Models;
			sourceTree = "<group>";
		};
		E42F5AC02A6892C00013C4EE /* ViewModels */ = {
			isa = PBXGroup;
			children = (
				E42F5ABE2A68914D0013C4EE /* EventListViewModel.swift */,
				E4D96FD62A69ED4B0085B147 /* AddEventViewModel.swift */,
			);
			path = ViewModels;
			sourceTree = "<group>";
		};
/* End PBXGroup section */

/* Begin PBXNativeTarget section */
		E42F5A792A6853EE0013C4EE /* CoordinatorMvvm */ = {
			isa = PBXNativeTarget;
			buildConfigurationList = E42F5AA42A6853F00013C4EE /* Build configuration list for PBXNativeTarget "CoordinatorMvvm" */;
			buildPhases = (
				E42F5A762A6853EE0013C4EE /* Sources */,
				E42F5A772A6853EE0013C4EE /* Frameworks */,
				E42F5A782A6853EE0013C4EE /* Resources */,
			);
			buildRules = (
			);
			dependencies = (
			);
			name = CoordinatorMvvm;
			productName = CoordinatorMvvm;
			productReference = E42F5A7A2A6853EE0013C4EE /* CoordinatorMvvm.app */;
			productType = "com.apple.product-type.application";
		};
		E42F5A8F2A6853EF0013C4EE /* CoordinatorMvvmTests */ = {
			isa = PBXNativeTarget;
			buildConfigurationList = E42F5AA72A6853F00013C4EE /* Build configuration list for PBXNativeTarget "CoordinatorMvvmTests" */;
			buildPhases = (
				E42F5A8C2A6853EF0013C4EE /* Sources */,
				E42F5A8D2A6853EF0013C4EE /* Frameworks */,
				E42F5A8E2A6853EF0013C4EE /* Resources */,
			);
			buildRules = (
			);
			dependencies = (
				E42F5A922A6853EF0013C4EE /* PBXTargetDependency */,
			);
			name = CoordinatorMvvmTests;
			productName = CoordinatorMvvmTests;
			productReference = E42F5A902A6853EF0013C4EE /* CoordinatorMvvmTests.xctest */;
			productType = "com.apple.product-type.bundle.unit-test";
		};
		E42F5A992A6853EF0013C4EE /* CoordinatorMvvmUITests */ = {
			isa = PBXNativeTarget;
			buildConfigurationList = E42F5AAA2A6853F00013C4EE /* Build configuration list for PBXNativeTarget "CoordinatorMvvmUITests" */;
			buildPhases = (
				E42F5A962A6853EF0013C4EE /* Sources */,
				E42F5A972A6853EF0013C4EE /* Frameworks */,
				E42F5A982A6853EF0013C4EE /* Resources */,
			);
			buildRules = (
			);
			dependencies = (
				E42F5A9C2A6853F00013C4EE /* PBXTargetDependency */,
			);
			name = CoordinatorMvvmUITests;
			productName = CoordinatorMvvmUITests;
			productReference = E42F5A9A2A6853EF0013C4EE /* CoordinatorMvvmUITests.xctest */;
			productType = "com.apple.product-type.bundle.ui-testing";
		};
/* End PBXNativeTarget section */

/* Begin PBXProject section */
		E42F5A722A6853EE0013C4EE /* Project object */ = {
			isa = PBXProject;
			attributes = {
				BuildIndependentTargetsInParallel = 1;
				LastSwiftUpdateCheck = 1430;
				LastUpgradeCheck = 1430;
				TargetAttributes = {
					E42F5A792A6853EE0013C4EE = {
						CreatedOnToolsVersion = 14.3;
					};
					E42F5A8F2A6853EF0013C4EE = {
						CreatedOnToolsVersion = 14.3;
						TestTargetID = E42F5A792A6853EE0013C4EE;
					};
					E42F5A992A6853EF0013C4EE = {
						CreatedOnToolsVersion = 14.3;
						TestTargetID = E42F5A792A6853EE0013C4EE;
					};
				};
			};
			buildConfigurationList = E42F5A752A6853EE0013C4EE /* Build configuration list for PBXProject "CoordinatorMvvm" */;
			compatibilityVersion = "Xcode 14.0";
			developmentRegion = en;
			hasScannedForEncodings = 0;
			knownRegions = (
				en,
				Base,
			);
			mainGroup = E42F5A712A6853EE0013C4EE;
			productRefGroup = E42F5A7B2A6853EE0013C4EE /* Products */;
			projectDirPath = "";
			projectRoot = "";
			targets = (
				E42F5A792A6853EE0013C4EE /* CoordinatorMvvm */,
				E42F5A8F2A6853EF0013C4EE /* CoordinatorMvvmTests */,
				E42F5A992A6853EF0013C4EE /* CoordinatorMvvmUITests */,
			);
		};
/* End PBXProject section */

/* Begin PBXResourcesBuildPhase section */
		E42F5A782A6853EE0013C4EE /* Resources */ = {
			isa = PBXResourcesBuildPhase;
			buildActionMask = 2147483647;
			files = (
				E42F5A8A2A6853EF0013C4EE /* LaunchScreen.storyboard in Resources */,
				E42F5A872A6853EF0013C4EE /* Assets.xcassets in Resources */,
				E42F5A852A6853EE0013C4EE /* Main.storyboard in Resources */,
				E4D96FD32A69EB780085B147 /* AddEventVC.xib in Resources */,
			);
			runOnlyForDeploymentPostprocessing = 0;
		};
		E42F5A8E2A6853EF0013C4EE /* Resources */ = {
			isa = PBXResourcesBuildPhase;
			buildActionMask = 2147483647;
			files = (
			);
			runOnlyForDeploymentPostprocessing = 0;
		};
		E42F5A982A6853EF0013C4EE /* Resources */ = {
			isa = PBXResourcesBuildPhase;
			buildActionMask = 2147483647;
			files = (
			);
			runOnlyForDeploymentPostprocessing = 0;
		};
/* End PBXResourcesBuildPhase section */

/* Begin PBXSourcesBuildPhase section */
		E42F5A762A6853EE0013C4EE /* Sources */ = {
			isa = PBXSourcesBuildPhase;
			buildActionMask = 2147483647;
			files = (
				E42F5AB42A68866A0013C4EE /* UIColor+Extension.swift in Sources */,
				E42F5AAE2A6854340013C4EE /* AppCoordinator.swift in Sources */,
				E4D96FD52A69EBFE0085B147 /* UIViewController+Extensions.swift in Sources */,
				E42F5AB22A68579A0013C4EE /* EventListVC.swift in Sources */,
				E42F5A822A6853EE0013C4EE /* ViewController.swift in Sources */,
				E42F5ABB2A68894E0013C4EE /* EventsApp.xcdatamodeld in Sources */,
				E42F5A7E2A6853EE0013C4EE /* AppDelegate.swift in Sources */,
				E42F5ABD2A688A970013C4EE /* CoreDataManager.swift in Sources */,
				E42F5ABF2A68914D0013C4EE /* EventListViewModel.swift in Sources */,
				E42F5A802A6853EE0013C4EE /* SceneDelegate.swift in Sources */,
				E42F5AC22A6893CE0013C4EE /* AddEventCoordinator.swift in Sources */,
				E42F5AB02A6856DD0013C4EE /* EventListCoordinator.swift in Sources */,
				E4D96FD22A69EB780085B147 /* AddEventVC.swift in Sources */,
				E4D96FD72A69ED4B0085B147 /* AddEventViewModel.swift in Sources */,
			);
			runOnlyForDeploymentPostprocessing = 0;
		};
		E42F5A8C2A6853EF0013C4EE /* Sources */ = {
			isa = PBXSourcesBuildPhase;
			buildActionMask = 2147483647;
			files = (
				E42F5A952A6853EF0013C4EE /* CoordinatorMvvmTests.swift in Sources */,
			);
			runOnlyForDeploymentPostprocessing = 0;
		};
		E42F5A962A6853EF0013C4EE /* Sources */ = {
			isa = PBXSourcesBuildPhase;
			buildActionMask = 2147483647;
			files = (
				E42F5A9F2A6853F00013C4EE /* CoordinatorMvvmUITests.swift in Sources */,
				E42F5AA12A6853F00013C4EE /* CoordinatorMvvmUITestsLaunchTests.swift in Sources */,
			);
			runOnlyForDeploymentPostprocessing = 0;
		};
/* End PBXSourcesBuildPhase section */

/* Begin PBXTargetDependency section */
		E42F5A922A6853EF0013C4EE /* PBXTargetDependency */ = {
			isa = PBXTargetDependency;
			target = E42F5A792A6853EE0013C4EE /* CoordinatorMvvm */;
			targetProxy = E42F5A912A6853EF0013C4EE /* PBXContainerItemProxy */;
		};
		E42F5A9C2A6853F00013C4EE /* PBXTargetDependency */ = {
			isa = PBXTargetDependency;
			target = E42F5A792A6853EE0013C4EE /* CoordinatorMvvm */;
			targetProxy = E42F5A9B2A6853F00013C4EE /* PBXContainerItemProxy */;
		};
/* End PBXTargetDependency section */

/* Begin PBXVariantGroup section */
		E42F5A832A6853EE0013C4EE /* Main.storyboard */ = {
			isa = PBXVariantGroup;
			children = (
				E42F5A842A6853EE0013C4EE /* Base */,
			);
			name = Main.storyboard;
			sourceTree = "<group>";
		};
		E42F5A882A6853EF0013C4EE /* LaunchScreen.storyboard */ = {
			isa = PBXVariantGroup;
			children = (
				E42F5A892A6853EF0013C4EE /* Base */,
			);
			name = LaunchScreen.storyboard;
			sourceTree = "<group>";
		};
/* End PBXVariantGroup section */

/* Begin XCBuildConfiguration section */
		E42F5AA22A6853F00013C4EE /* Debug */ = {
			isa = XCBuildConfiguration;
			buildSettings = {
				ALWAYS_SEARCH_USER_PATHS = NO;
				CLANG_ANALYZER_NONNULL = YES;
				CLANG_ANALYZER_NUMBER_OBJECT_CONVERSION = YES_AGGRESSIVE;
				CLANG_CXX_LANGUAGE_STANDARD = "gnu++20";
				CLANG_ENABLE_MODULES = YES;
				CLANG_ENABLE_OBJC_ARC = YES;
				CLANG_ENABLE_OBJC_WEAK = YES;
				CLANG_WARN_BLOCK_CAPTURE_AUTORELEASING = YES;
				CLANG_WARN_BOOL_CONVERSION = YES;
				CLANG_WARN_COMMA = YES;
				CLANG_WARN_CONSTANT_CONVERSION = YES;
				CLANG_WARN_DEPRECATED_OBJC_IMPLEMENTATIONS = YES;
				CLANG_WARN_DIRECT_OBJC_ISA_USAGE = YES_ERROR;
				CLANG_WARN_DOCUMENTATION_COMMENTS = YES;
				CLANG_WARN_EMPTY_BODY = YES;
				CLANG_WARN_ENUM_CONVERSION = YES;
				CLANG_WARN_INFINITE_RECURSION = YES;
				CLANG_WARN_INT_CONVERSION = YES;
				CLANG_WARN_NON_LITERAL_NULL_CONVERSION = YES;
				CLANG_WARN_OBJC_IMPLICIT_RETAIN_SELF = YES;
				CLANG_WARN_OBJC_LITERAL_CONVERSION = YES;
				CLANG_WARN_OBJC_ROOT_CLASS = YES_ERROR;
				CLANG_WARN_QUOTED_INCLUDE_IN_FRAMEWORK_HEADER = YES;
				CLANG_WARN_RANGE_LOOP_ANALYSIS = YES;
				CLANG_WARN_STRICT_PROTOTYPES = YES;
				CLANG_WARN_SUSPICIOUS_MOVE = YES;
				CLANG_WARN_UNGUARDED_AVAILABILITY = YES_AGGRESSIVE;
				CLANG_WARN_UNREACHABLE_CODE = YES;
				CLANG_WARN__DUPLICATE_METHOD_MATCH = YES;
				COPY_PHASE_STRIP = NO;
				DEBUG_INFORMATION_FORMAT = dwarf;
				ENABLE_STRICT_OBJC_MSGSEND = YES;
				ENABLE_TESTABILITY = YES;
				GCC_C_LANGUAGE_STANDARD = gnu11;
				GCC_DYNAMIC_NO_PIC = NO;
				GCC_NO_COMMON_BLOCKS = YES;
				GCC_OPTIMIZATION_LEVEL = 0;
				GCC_PREPROCESSOR_DEFINITIONS = (
					"DEBUG=1",
					"$(inherited)",
				);
				GCC_WARN_64_TO_32_BIT_CONVERSION = YES;
				GCC_WARN_ABOUT_RETURN_TYPE = YES_ERROR;
				GCC_WARN_UNDECLARED_SELECTOR = YES;
				GCC_WARN_UNINITIALIZED_AUTOS = YES_AGGRESSIVE;
				GCC_WARN_UNUSED_FUNCTION = YES;
				GCC_WARN_UNUSED_VARIABLE = YES;
				IPHONEOS_DEPLOYMENT_TARGET = 16.4;
				MTL_ENABLE_DEBUG_INFO = INCLUDE_SOURCE;
				MTL_FAST_MATH = YES;
				ONLY_ACTIVE_ARCH = YES;
				SDKROOT = iphoneos;
				SWIFT_ACTIVE_COMPILATION_CONDITIONS = DEBUG;
				SWIFT_OPTIMIZATION_LEVEL = "-Onone";
				SWIFT_VERSION = 5.0;
			};
			name = Debug;
		};
		E42F5AA32A6853F00013C4EE /* Release */ = {
			isa = XCBuildConfiguration;
			buildSettings = {
				ALWAYS_SEARCH_USER_PATHS = NO;
				CLANG_ANALYZER_NONNULL = YES;
				CLANG_ANALYZER_NUMBER_OBJECT_CONVERSION = YES_AGGRESSIVE;
				CLANG_CXX_LANGUAGE_STANDARD = "gnu++20";
				CLANG_ENABLE_MODULES = YES;
				CLANG_ENABLE_OBJC_ARC = YES;
				CLANG_ENABLE_OBJC_WEAK = YES;
				CLANG_WARN_BLOCK_CAPTURE_AUTORELEASING = YES;
				CLANG_WARN_BOOL_CONVERSION = YES;
				CLANG_WARN_COMMA = YES;
				CLANG_WARN_CONSTANT_CONVERSION = YES;
				CLANG_WARN_DEPRECATED_OBJC_IMPLEMENTATIONS = YES;
				CLANG_WARN_DIRECT_OBJC_ISA_USAGE = YES_ERROR;
				CLANG_WARN_DOCUMENTATION_COMMENTS = YES;
				CLANG_WARN_EMPTY_BODY = YES;
				CLANG_WARN_ENUM_CONVERSION = YES;
				CLANG_WARN_INFINITE_RECURSION = YES;
				CLANG_WARN_INT_CONVERSION = YES;
				CLANG_WARN_NON_LITERAL_NULL_CONVERSION = YES;
				CLANG_WARN_OBJC_IMPLICIT_RETAIN_SELF = YES;
				CLANG_WARN_OBJC_LITERAL_CONVERSION = YES;
				CLANG_WARN_OBJC_ROOT_CLASS = YES_ERROR;
				CLANG_WARN_QUOTED_INCLUDE_IN_FRAMEWORK_HEADER = YES;
				CLANG_WARN_RANGE_LOOP_ANALYSIS = YES;
				CLANG_WARN_STRICT_PROTOTYPES = YES;
				CLANG_WARN_SUSPICIOUS_MOVE = YES;
				CLANG_WARN_UNGUARDED_AVAILABILITY = YES_AGGRESSIVE;
				CLANG_WARN_UNREACHABLE_CODE = YES;
				CLANG_WARN__DUPLICATE_METHOD_MATCH = YES;
				COPY_PHASE_STRIP = NO;
				DEBUG_INFORMATION_FORMAT = "dwarf-with-dsym";
				ENABLE_NS_ASSERTIONS = NO;
				ENABLE_STRICT_OBJC_MSGSEND = YES;
				GCC_C_LANGUAGE_STANDARD = gnu11;
				GCC_NO_COMMON_BLOCKS = YES;
				GCC_WARN_64_TO_32_BIT_CONVERSION = YES;
				GCC_WARN_ABOUT_RETURN_TYPE = YES_ERROR;
				GCC_WARN_UNDECLARED_SELECTOR = YES;
				GCC_WARN_UNINITIALIZED_AUTOS = YES_AGGRESSIVE;
				GCC_WARN_UNUSED_FUNCTION = YES;
				GCC_WARN_UNUSED_VARIABLE = YES;
				IPHONEOS_DEPLOYMENT_TARGET = 16.4;
				MTL_ENABLE_DEBUG_INFO = NO;
				MTL_FAST_MATH = YES;
				SDKROOT = iphoneos;
				SWIFT_COMPILATION_MODE = wholemodule;
				SWIFT_OPTIMIZATION_LEVEL = "-O";
				SWIFT_VERSION = 5.0;
				VALIDATE_PRODUCT = YES;
			};
			name = Release;
		};
		E42F5AA52A6853F00013C4EE /* Debug */ = {
			isa = XCBuildConfiguration;
			buildSettings = {
				ASSETCATALOG_COMPILER_APPICON_NAME = AppIcon;
				ASSETCATALOG_COMPILER_GLOBAL_ACCENT_COLOR_NAME = AccentColor;
				CODE_SIGN_STYLE = Automatic;
				CURRENT_PROJECT_VERSION = 1;
				DEVELOPMENT_TEAM = 69QZ9835CA;
				GENERATE_INFOPLIST_FILE = YES;
				INFOPLIST_FILE = CoordinatorMvvm/Info.plist;
				INFOPLIST_KEY_UIApplicationSupportsIndirectInputEvents = YES;
				INFOPLIST_KEY_UILaunchStoryboardName = LaunchScreen;
				INFOPLIST_KEY_UIMainStoryboardFile = Main;
				INFOPLIST_KEY_UISupportedInterfaceOrientations_iPad = "UIInterfaceOrientationPortrait UIInterfaceOrientationPortraitUpsideDown UIInterfaceOrientationLandscapeLeft UIInterfaceOrientationLandscapeRight";
				INFOPLIST_KEY_UISupportedInterfaceOrientations_iPhone = "UIInterfaceOrientationPortrait UIInterfaceOrientationLandscapeLeft UIInterfaceOrientationLandscapeRight";
				IPHONEOS_DEPLOYMENT_TARGET = 13.0;
				LD_RUNPATH_SEARCH_PATHS = (
					"$(inherited)",
					"@executable_path/Frameworks",
				);
				MARKETING_VERSION = 1.0;
				PRODUCT_BUNDLE_IDENTIFIER = eisa.coordinatormvvm.com.CoordinatorMvvm;
				PRODUCT_NAME = "$(TARGET_NAME)";
				SWIFT_EMIT_LOC_STRINGS = YES;
				SWIFT_VERSION = 5.0;
				TARGETED_DEVICE_FAMILY = "1,2";
			};
			name = Debug;
		};
		E42F5AA62A6853F00013C4EE /* Release */ = {
			isa = XCBuildConfiguration;
			buildSettings = {
				ASSETCATALOG_COMPILER_APPICON_NAME = AppIcon;
				ASSETCATALOG_COMPILER_GLOBAL_ACCENT_COLOR_NAME = AccentColor;
				CODE_SIGN_STYLE = Automatic;
				CURRENT_PROJECT_VERSION = 1;
				DEVELOPMENT_TEAM = 69QZ9835CA;
				GENERATE_INFOPLIST_FILE = YES;
				INFOPLIST_FILE = CoordinatorMvvm/Info.plist;
				INFOPLIST_KEY_UIApplicationSupportsIndirectInputEvents = YES;
				INFOPLIST_KEY_UILaunchStoryboardName = LaunchScreen;
				INFOPLIST_KEY_UIMainStoryboardFile = Main;
				INFOPLIST_KEY_UISupportedInterfaceOrientations_iPad = "UIInterfaceOrientationPortrait UIInterfaceOrientationPortraitUpsideDown UIInterfaceOrientationLandscapeLeft UIInterfaceOrientationLandscapeRight";
				INFOPLIST_KEY_UISupportedInterfaceOrientations_iPhone = "UIInterfaceOrientationPortrait UIInterfaceOrientationLandscapeLeft UIInterfaceOrientationLandscapeRight";
				IPHONEOS_DEPLOYMENT_TARGET = 13.0;
				LD_RUNPATH_SEARCH_PATHS = (
					"$(inherited)",
					"@executable_path/Frameworks",
				);
				MARKETING_VERSION = 1.0;
				PRODUCT_BUNDLE_IDENTIFIER = eisa.coordinatormvvm.com.CoordinatorMvvm;
				PRODUCT_NAME = "$(TARGET_NAME)";
				SWIFT_EMIT_LOC_STRINGS = YES;
				SWIFT_VERSION = 5.0;
				TARGETED_DEVICE_FAMILY = "1,2";
			};
			name = Release;
		};
		E42F5AA82A6853F00013C4EE /* Debug */ = {
			isa = XCBuildConfiguration;
			buildSettings = {
				ALWAYS_EMBED_SWIFT_STANDARD_LIBRARIES = YES;
				BUNDLE_LOADER = "$(TEST_HOST)";
				CODE_SIGN_STYLE = Automatic;
				CURRENT_PROJECT_VERSION = 1;
				DEVELOPMENT_TEAM = 69QZ9835CA;
				GENERATE_INFOPLIST_FILE = YES;
				IPHONEOS_DEPLOYMENT_TARGET = 16.4;
				MARKETING_VERSION = 1.0;
				PRODUCT_BUNDLE_IDENTIFIER = eisa.coordinatormvvm.com.CoordinatorMvvmTests;
				PRODUCT_NAME = "$(TARGET_NAME)";
				SWIFT_EMIT_LOC_STRINGS = NO;
				SWIFT_VERSION = 5.0;
				TARGETED_DEVICE_FAMILY = "1,2";
				TEST_HOST = "$(BUILT_PRODUCTS_DIR)/CoordinatorMvvm.app/$(BUNDLE_EXECUTABLE_FOLDER_PATH)/CoordinatorMvvm";
			};
			name = Debug;
		};
		E42F5AA92A6853F00013C4EE /* Release */ = {
			isa = XCBuildConfiguration;
			buildSettings = {
				ALWAYS_EMBED_SWIFT_STANDARD_LIBRARIES = YES;
				BUNDLE_LOADER = "$(TEST_HOST)";
				CODE_SIGN_STYLE = Automatic;
				CURRENT_PROJECT_VERSION = 1;
				DEVELOPMENT_TEAM = 69QZ9835CA;
				GENERATE_INFOPLIST_FILE = YES;
				IPHONEOS_DEPLOYMENT_TARGET = 16.4;
				MARKETING_VERSION = 1.0;
				PRODUCT_BUNDLE_IDENTIFIER = eisa.coordinatormvvm.com.CoordinatorMvvmTests;
				PRODUCT_NAME = "$(TARGET_NAME)";
				SWIFT_EMIT_LOC_STRINGS = NO;
				SWIFT_VERSION = 5.0;
				TARGETED_DEVICE_FAMILY = "1,2";
				TEST_HOST = "$(BUILT_PRODUCTS_DIR)/CoordinatorMvvm.app/$(BUNDLE_EXECUTABLE_FOLDER_PATH)/CoordinatorMvvm";
			};
			name = Release;
		};
		E42F5AAB2A6853F00013C4EE /* Debug */ = {
			isa = XCBuildConfiguration;
			buildSettings = {
				ALWAYS_EMBED_SWIFT_STANDARD_LIBRARIES = YES;
				CODE_SIGN_STYLE = Automatic;
				CURRENT_PROJECT_VERSION = 1;
				DEVELOPMENT_TEAM = 69QZ9835CA;
				GENERATE_INFOPLIST_FILE = YES;
				MARKETING_VERSION = 1.0;
				PRODUCT_BUNDLE_IDENTIFIER = eisa.coordinatormvvm.com.CoordinatorMvvmUITests;
				PRODUCT_NAME = "$(TARGET_NAME)";
				SWIFT_EMIT_LOC_STRINGS = NO;
				SWIFT_VERSION = 5.0;
				TARGETED_DEVICE_FAMILY = "1,2";
				TEST_TARGET_NAME = CoordinatorMvvm;
			};
			name = Debug;
		};
		E42F5AAC2A6853F00013C4EE /* Release */ = {
			isa = XCBuildConfiguration;
			buildSettings = {
				ALWAYS_EMBED_SWIFT_STANDARD_LIBRARIES = YES;
				CODE_SIGN_STYLE = Automatic;
				CURRENT_PROJECT_VERSION = 1;
				DEVELOPMENT_TEAM = 69QZ9835CA;
				GENERATE_INFOPLIST_FILE = YES;
				MARKETING_VERSION = 1.0;
				PRODUCT_BUNDLE_IDENTIFIER = eisa.coordinatormvvm.com.CoordinatorMvvmUITests;
				PRODUCT_NAME = "$(TARGET_NAME)";
				SWIFT_EMIT_LOC_STRINGS = NO;
				SWIFT_VERSION = 5.0;
				TARGETED_DEVICE_FAMILY = "1,2";
				TEST_TARGET_NAME = CoordinatorMvvm;
			};
			name = Release;
		};
/* End XCBuildConfiguration section */

/* Begin XCConfigurationList section */
		E42F5A752A6853EE0013C4EE /* Build configuration list for PBXProject "CoordinatorMvvm" */ = {
			isa = XCConfigurationList;
			buildConfigurations = (
				E42F5AA22A6853F00013C4EE /* Debug */,
				E42F5AA32A6853F00013C4EE /* Release */,
			);
			defaultConfigurationIsVisible = 0;
			defaultConfigurationName = Release;
		};
		E42F5AA42A6853F00013C4EE /* Build configuration list for PBXNativeTarget "CoordinatorMvvm" */ = {
			isa = XCConfigurationList;
			buildConfigurations = (
				E42F5AA52A6853F00013C4EE /* Debug */,
				E42F5AA62A6853F00013C4EE /* Release */,
			);
			defaultConfigurationIsVisible = 0;
			defaultConfigurationName = Release;
		};
		E42F5AA72A6853F00013C4EE /* Build configuration list for PBXNativeTarget "CoordinatorMvvmTests" */ = {
			isa = XCConfigurationList;
			buildConfigurations = (
				E42F5AA82A6853F00013C4EE /* Debug */,
				E42F5AA92A6853F00013C4EE /* Release */,
			);
			defaultConfigurationIsVisible = 0;
			defaultConfigurationName = Release;
		};
		E42F5AAA2A6853F00013C4EE /* Build configuration list for PBXNativeTarget "CoordinatorMvvmUITests" */ = {
			isa = XCConfigurationList;
			buildConfigurations = (
				E42F5AAB2A6853F00013C4EE /* Debug */,
				E42F5AAC2A6853F00013C4EE /* Release */,
			);
			defaultConfigurationIsVisible = 0;
			defaultConfigurationName = Release;
		};
/* End XCConfigurationList section */

/* Begin XCVersionGroup section */
		E42F5AB92A68894E0013C4EE /* EventsApp.xcdatamodeld */ = {
			isa = XCVersionGroup;
			children = (
				E42F5ABA2A68894E0013C4EE /* EventsApp.xcdatamodel */,
			);
			currentVersion = E42F5ABA2A68894E0013C4EE /* EventsApp.xcdatamodel */;
			path = EventsApp.xcdatamodeld;
			sourceTree = "<group>";
			versionGroupType = wrapper.xcdatamodel;
		};
/* End XCVersionGroup section */
	};
	rootObject = E42F5A722A6853EE0013C4EE /* Project object */;
}
